{
  "name": "y",
  "version": "1.0.0",
  "lockfileVersion": 2,
  "requires": true,
  "packages": {
    "": {
      "name": "y",
      "version": "1.0.0",
      "license": "ISC",
      "dependencies": {
        "codemirror": "^5.65.3"
      }
    },
    "node_modules/codemirror": {
      "version": "5.65.3",
      "resolved": "https://registry.npmjs.org/codemirror/-/codemirror-5.65.3.tgz",
      "integrity": "sha512-kCC0iwGZOVZXHEKW3NDTObvM7pTIyowjty4BUqeREROc/3I6bWbgZDA3fGDwlA+rbgRjvnRnfqs9SfXynel1AQ=="
    }
  },
  "dependencies": {
    "codemirror": {
      "version": "5.65.3",
      "resolved": "https://registry.npmjs.org/codemirror/-/codemirror-5.65.3.tgz",
      "integrity": "sha512-kCC0iwGZOVZXHEKW3NDTObvM7pTIyowjty4BUqeREROc/3I6bWbgZDA3fGDwlA+rbgRjvnRnfqs9SfXynel1AQ=="
    }
  }
}
